
Microsoft Visual Studio Solution File, Format Version 12.00
# Visual Studio 15
VisualStudioVersion = 15.0.27703.2018
MinimumVisualStudioVersion = 10.0.40219.1
Project("{9A19103F-16F7-4668-BE54-9A1E7A4F7556}") = "Insig.Api", "Insig.Api\Insig.Api.csproj", "{758BA3FD-AC4B-42A2-8CD6-A7909827A413}"
EndProject
Project("{9A19103F-16F7-4668-BE54-9A1E7A4F7556}") = "Insig.Web", "Insig.Web\Insig.Web.csproj", "{4844FF0F-42F2-4A98-B349-A34BF87688AA}"
EndProject
Global
	GlobalSection(SolutionConfigurationPlatforms) = preSolution
		Debug|Any CPU = Debug|Any CPU
		Release|Any CPU = Release|Any CPU
	EndGlobalSection
	GlobalSection(ProjectConfigurationPlatforms) = postSolution
		{758BA3FD-AC4B-42A2-8CD6-A7909827A413}.Debug|Any CPU.ActiveCfg = Debug|Any CPU
		{758BA3FD-AC4B-42A2-8CD6-A7909827A413}.Debug|Any CPU.Build.0 = Debug|Any CPU
		{758BA3FD-AC4B-42A2-8CD6-A7909827A413}.Release|Any CPU.ActiveCfg = Release|Any CPU
		{758BA3FD-AC4B-42A2-8CD6-A7909827A413}.Release|Any CPU.Build.0 = Release|Any CPU
		{4844FF0F-42F2-4A98-B349-A34BF87688AA}.Debug|Any CPU.ActiveCfg = Debug|Any CPU
		{4844FF0F-42F2-4A98-B349-A34BF87688AA}.Debug|Any CPU.Build.0 = Debug|Any CPU
		{4844FF0F-42F2-4A98-B349-A34BF87688AA}.Release|Any CPU.ActiveCfg = Release|Any CPU
		{4844FF0F-42F2-4A98-B349-A34BF87688AA}.Release|Any CPU.Build.0 = Release|Any CPU
	EndGlobalSection
	GlobalSection(SolutionProperties) = preSolution
		HideSolutionNode = FALSE
	EndGlobalSection
	GlobalSection(ExtensibilityGlobals) = postSolution
		SolutionGuid = {76E5C602-2ED9-4187-A513-D779D98641DD}
	EndGlobalSection
EndGlobal
